{
  "name": "hello-stencil",
  "version": "0.0.1",
  "lockfileVersion": 1,
  "requires": true,
  "dependencies": {
    "@stencil/core": {
      "version": "1.8.9",
      "resolved": "https://registry.npmjs.org/@stencil/core/-/core-1.8.9.tgz",
      "integrity": "sha512-XRw+4B6+T4/+hXQeKAuYH7YTCU6dfptGNY5FpgYPnJPLOdyu6AQ7oph7HIFQoQlXkJfWuAVoCpZM69vHjB9d5g==",
      "dev": true,
      "requires": {
        "typescript": "3.7.5"
      }
    },
    "typescript": {
      "version": "3.7.5",
      "resolved": "https://registry.npmjs.org/typescript/-/typescript-3.7.5.tgz",
      "integrity": "sha512-/P5lkRXkWHNAbcJIiHPfRoKqyd7bsyCma1hZNUGfn20qm64T6ZBlrzprymeu918H+mB/0rIg2gGK/BXkhhYgBw==",
      "dev": true
    }
  }
}
